
Microsoft Visual Studio Solution File, Format Version 12.00
# Visual Studio Version 17
VisualStudioVersion = 17.10.35027.167
MinimumVisualStudioVersion = 10.0.40219.1
Project("{9A19103F-16F7-4668-BE54-9A1E7A4F7556}") = "Api-EntityConfiguration-Validator-Dtos", "Api-EntityConfiguration-Validator-Dtos.csproj", "{FBCEAB3B-506F-4276-A116-A772343F51A1}"
EndProject
Project("{FAE04EC0-301F-11D3-BF4B-00C04F79EFBC}") = "ShopApp.MVC", "..\ShopApp.MVC\ShopApp.MVC.csproj", "{078DBBCC-4E18-4ED9-BC06-4FCBC39568A0}"
EndProject
Global
	GlobalSection(SolutionConfigurationPlatforms) = preSolution
		Debug|Any CPU = Debug|Any CPU
		Release|Any CPU = Release|Any CPU
	EndGlobalSection
	GlobalSection(ProjectConfigurationPlatforms) = postSolution
		{FBCEAB3B-506F-4276-A116-A772343F51A1}.Debug|Any CPU.ActiveCfg = Debug|Any CPU
		{FBCEAB3B-506F-4276-A116-A772343F51A1}.Debug|Any CPU.Build.0 = Debug|Any CPU
		{FBCEAB3B-506F-4276-A116-A772343F51A1}.Release|Any CPU.ActiveCfg = Release|Any CPU
		{FBCEAB3B-506F-4276-A116-A772343F51A1}.Release|Any CPU.Build.0 = Release|Any CPU
		{078DBBCC-4E18-4ED9-BC06-4FCBC39568A0}.Debug|Any CPU.ActiveCfg = Debug|Any CPU
		{078DBBCC-4E18-4ED9-BC06-4FCBC39568A0}.Debug|Any CPU.Build.0 = Debug|Any CPU
		{078DBBCC-4E18-4ED9-BC06-4FCBC39568A0}.Release|Any CPU.ActiveCfg = Release|Any CPU
		{078DBBCC-4E18-4ED9-BC06-4FCBC39568A0}.Release|Any CPU.Build.0 = Release|Any CPU
	EndGlobalSection
	GlobalSection(SolutionProperties) = preSolution
		HideSolutionNode = FALSE
	EndGlobalSection
	GlobalSection(ExtensibilityGlobals) = postSolution
		SolutionGuid = {AB28D12A-66A8-4A02-B990-19A33F836D38}
	EndGlobalSection
EndGlobal
